
Microsoft Visual Studio Solution File, Format Version 12.00
# Visual Studio Version 17
VisualStudioVersion = 17.1.32407.343
MinimumVisualStudioVersion = 10.0.40219.1
Project("{9A19103F-16F7-4668-BE54-9A1E7A4F7556}") = "tfm.api", "tfm.api\tfm.api.csproj", "{AA773CDC-435B-49E7-A746-66682DB37C7E}"
EndProject
Project("{FAE04EC0-301F-11D3-BF4B-00C04F79EFBC}") = "tfm.api.dal", "tfm.api.dal\tfm.api.dal.csproj", "{E6258F18-BE82-4F9B-A39B-B2E5FD182C02}"
EndProject
Global
	GlobalSection(SolutionConfigurationPlatforms) = preSolution
		Debug|Any CPU = Debug|Any CPU
		Release|Any CPU = Release|Any CPU
	EndGlobalSection
	GlobalSection(ProjectConfigurationPlatforms) = postSolution
		{AA773CDC-435B-49E7-A746-66682DB37C7E}.Debug|Any CPU.ActiveCfg = Debug|Any CPU
		{AA773CDC-435B-49E7-A746-66682DB37C7E}.Debug|Any CPU.Build.0 = Debug|Any CPU
		{AA773CDC-435B-49E7-A746-66682DB37C7E}.Release|Any CPU.ActiveCfg = Release|Any CPU
		{AA773CDC-435B-49E7-A746-66682DB37C7E}.Release|Any CPU.Build.0 = Release|Any CPU
		{E6258F18-BE82-4F9B-A39B-B2E5FD182C02}.Debug|Any CPU.ActiveCfg = Debug|Any CPU
		{E6258F18-BE82-4F9B-A39B-B2E5FD182C02}.Debug|Any CPU.Build.0 = Debug|Any CPU
		{E6258F18-BE82-4F9B-A39B-B2E5FD182C02}.Release|Any CPU.ActiveCfg = Release|Any CPU
		{E6258F18-BE82-4F9B-A39B-B2E5FD182C02}.Release|Any CPU.Build.0 = Release|Any CPU
	EndGlobalSection
	GlobalSection(SolutionProperties) = preSolution
		HideSolutionNode = FALSE
	EndGlobalSection
	GlobalSection(ExtensibilityGlobals) = postSolution
		SolutionGuid = {A289F935-70E6-4975-8C7D-9D8664877C2D}
	EndGlobalSection
EndGlobal
